// !$*UTF8*$!
{
	archiveVersion = 1;
	classes = {
	};
	objectVersion = 50;
	objects = {

/* Begin PBXBuildFile section */
		722324FC22DE2B6A008C6A85 /* SearchViewController.swift in Sources */ = {isa = PBXBuildFile; fileRef = 722324FB22DE2B6A008C6A85 /* SearchViewController.swift */; };
		7243BB2D22BFFD1D00FDCDD6 /* BusinessSelectionViewController.swift in Sources */ = {isa = PBXBuildFile; fileRef = 7243BB2C22BFFD1D00FDCDD6 /* BusinessSelectionViewController.swift */; };
		724FA53D22F117B200872CD2 /* User.swift in Sources */ = {isa = PBXBuildFile; fileRef = 724FA53C22F117B200872CD2 /* User.swift */; };
		724FA53F22F117D500872CD2 /* Review.swift in Sources */ = {isa = PBXBuildFile; fileRef = 724FA53E22F117D500872CD2 /* Review.swift */; };
		726081BE22F7C0E6003F5E82 /* CurrentLocationTableViewCell.swift in Sources */ = {isa = PBXBuildFile; fileRef = 726081BD22F7C0E5003F5E82 /* CurrentLocationTableViewCell.swift */; };
		726081C022F7C362003F5E82 /* SearchResultsTableViewCell.swift in Sources */ = {isa = PBXBuildFile; fileRef = 726081BF22F7C362003F5E82 /* SearchResultsTableViewCell.swift */; };
		726DABAB22C898FD00F09BE7 /* MenuTableViewController.swift in Sources */ = {isa = PBXBuildFile; fileRef = 726DABAA22C898FD00F09BE7 /* MenuTableViewController.swift */; };
		72B6D61122B154D40073C025 /* AppDelegate.swift in Sources */ = {isa = PBXBuildFile; fileRef = 72B6D61022B154D40073C025 /* AppDelegate.swift */; };
		72B6D61322B154D40073C025 /* HomeViewController.swift in Sources */ = {isa = PBXBuildFile; fileRef = 72B6D61222B154D40073C025 /* HomeViewController.swift */; };
		72B6D61622B154D40073C025 /* Main.storyboard in Resources */ = {isa = PBXBuildFile; fileRef = 72B6D61422B154D40073C025 /* Main.storyboard */; };
		72B6D61B22B154DC0073C025 /* LaunchScreen.storyboard in Resources */ = {isa = PBXBuildFile; fileRef = 72B6D61922B154DC0073C025 /* LaunchScreen.storyboard */; };
		72B6D62622B154DD0073C025 /* With_MuttTests.swift in Sources */ = {isa = PBXBuildFile; fileRef = 72B6D62522B154DD0073C025 /* With_MuttTests.swift */; };
		72B6D63122B1576C0073C025 /* BusinessModel.swift in Sources */ = {isa = PBXBuildFile; fileRef = 72B6D63022B1576C0073C025 /* BusinessModel.swift */; };
		72CD7D5922D9A7EF00FB30F9 /* Client.swift in Sources */ = {isa = PBXBuildFile; fileRef = 72CD7D5822D9A7EF00FB30F9 /* Client.swift */; };
		72D1709C22C8630300385226 /* Images.xcassets in Resources */ = {isa = PBXBuildFile; fileRef = 72D1709B22C8630300385226 /* Images.xcassets */; };
		72D45AFD22B829B90059C75A /* BusinessTypeCell.swift in Sources */ = {isa = PBXBuildFile; fileRef = 72D45AFC22B829B90059C75A /* BusinessTypeCell.swift */; };
		72D4B3E322C5B18C006757D0 /* LoginViewController.swift in Sources */ = {isa = PBXBuildFile; fileRef = 72D4B3E222C5B18C006757D0 /* LoginViewController.swift */; };
		72F224BC22D7969D00DC54D2 /* LocationManager.swift in Sources */ = {isa = PBXBuildFile; fileRef = 72F224BB22D7969D00DC54D2 /* LocationManager.swift */; };
/* End PBXBuildFile section */

/* Begin PBXContainerItemProxy section */
		72B6D62222B154DC0073C025 /* PBXContainerItemProxy */ = {
			isa = PBXContainerItemProxy;
			containerPortal = 72B6D60522B154D40073C025 /* Project object */;
			proxyType = 1;
			remoteGlobalIDString = 72B6D60C22B154D40073C025;
			remoteInfo = "With Mutt";
		};
/* End PBXContainerItemProxy section */

/* Begin PBXFileReference section */
		722324FB22DE2B6A008C6A85 /* SearchViewController.swift */ = {isa = PBXFileReference; lastKnownFileType = sourcecode.swift; path = SearchViewController.swift; sourceTree = "<group>"; };
		7243BB2C22BFFD1D00FDCDD6 /* BusinessSelectionViewController.swift */ = {isa = PBXFileReference; lastKnownFileType = sourcecode.swift; path = BusinessSelectionViewController.swift; sourceTree = "<group>"; };
		724FA53C22F117B200872CD2 /* User.swift */ = {isa = PBXFileReference; lastKnownFileType = sourcecode.swift; path = User.swift; sourceTree = "<group>"; };
		724FA53E22F117D500872CD2 /* Review.swift */ = {isa = PBXFileReference; lastKnownFileType = sourcecode.swift; path = Review.swift; sourceTree = "<group>"; };
		726081BD22F7C0E5003F5E82 /* CurrentLocationTableViewCell.swift */ = {isa = PBXFileReference; lastKnownFileType = sourcecode.swift; path = CurrentLocationTableViewCell.swift; sourceTree = "<group>"; };
		726081BF22F7C362003F5E82 /* SearchResultsTableViewCell.swift */ = {isa = PBXFileReference; lastKnownFileType = sourcecode.swift; path = SearchResultsTableViewCell.swift; sourceTree = "<group>"; };
		726DABAA22C898FD00F09BE7 /* MenuTableViewController.swift */ = {isa = PBXFileReference; lastKnownFileType = sourcecode.swift; path = MenuTableViewController.swift; sourceTree = "<group>"; };
		72B6D60D22B154D40073C025 /* With Mutt.app */ = {isa = PBXFileReference; explicitFileType = wrapper.application; includeInIndex = 0; path = "With Mutt.app"; sourceTree = BUILT_PRODUCTS_DIR; };
		72B6D61022B154D40073C025 /* AppDelegate.swift */ = {isa = PBXFileReference; lastKnownFileType = sourcecode.swift; path = AppDelegate.swift; sourceTree = "<group>"; };
		72B6D61222B154D40073C025 /* HomeViewController.swift */ = {isa = PBXFileReference; lastKnownFileType = sourcecode.swift; path = HomeViewController.swift; sourceTree = "<group>"; };
		72B6D61522B154D40073C025 /* Base */ = {isa = PBXFileReference; lastKnownFileType = file.storyboard; name = Base; path = Base.lproj/Main.storyboard; sourceTree = "<group>"; };
		72B6D61A22B154DC0073C025 /* Base */ = {isa = PBXFileReference; lastKnownFileType = file.storyboard; name = Base; path = Base.lproj/LaunchScreen.storyboard; sourceTree = "<group>"; };
		72B6D61C22B154DC0073C025 /* Info.plist */ = {isa = PBXFileReference; lastKnownFileType = text.plist.xml; path = Info.plist; sourceTree = "<group>"; };
		72B6D62122B154DC0073C025 /* With MuttTests.xctest */ = {isa = PBXFileReference; explicitFileType = wrapper.cfbundle; includeInIndex = 0; path = "With MuttTests.xctest"; sourceTree = BUILT_PRODUCTS_DIR; };
		72B6D62522B154DD0073C025 /* With_MuttTests.swift */ = {isa = PBXFileReference; lastKnownFileType = sourcecode.swift; path = With_MuttTests.swift; sourceTree = "<group>"; };
		72B6D62722B154DD0073C025 /* Info.plist */ = {isa = PBXFileReference; lastKnownFileType = text.plist.xml; path = Info.plist; sourceTree = "<group>"; };
		72B6D63022B1576C0073C025 /* BusinessModel.swift */ = {isa = PBXFileReference; lastKnownFileType = sourcecode.swift; path = BusinessModel.swift; sourceTree = "<group>"; };
		72CD7D5822D9A7EF00FB30F9 /* Client.swift */ = {isa = PBXFileReference; lastKnownFileType = sourcecode.swift; path = Client.swift; sourceTree = "<group>"; };
		72D1709B22C8630300385226 /* Images.xcassets */ = {isa = PBXFileReference; lastKnownFileType = folder.assetcatalog; path = Images.xcassets; sourceTree = "<group>"; };
		72D45AFC22B829B90059C75A /* BusinessTypeCell.swift */ = {isa = PBXFileReference; lastKnownFileType = sourcecode.swift; path = BusinessTypeCell.swift; sourceTree = "<group>"; };
		72D4B3E222C5B18C006757D0 /* LoginViewController.swift */ = {isa = PBXFileReference; lastKnownFileType = sourcecode.swift; path = LoginViewController.swift; sourceTree = "<group>"; };
		72F224BB22D7969D00DC54D2 /* LocationManager.swift */ = {isa = PBXFileReference; lastKnownFileType = sourcecode.swift; path = LocationManager.swift; sourceTree = "<group>"; };
		72FECA0E238BA8D700ED79FE /* With Mutt.entitlements */ = {isa = PBXFileReference; lastKnownFileType = text.plist.entitlements; path = "With Mutt.entitlements"; sourceTree = "<group>"; };
/* End PBXFileReference section */

/* Begin PBXFrameworksBuildPhase section */
		72B6D60A22B154D40073C025 /* Frameworks */ = {
			isa = PBXFrameworksBuildPhase;
			buildActionMask = 2147483647;
			files = (
			);
			runOnlyForDeploymentPostprocessing = 0;
		};
		72B6D61E22B154DC0073C025 /* Frameworks */ = {
			isa = PBXFrameworksBuildPhase;
			buildActionMask = 2147483647;
			files = (
			);
			runOnlyForDeploymentPostprocessing = 0;
		};
/* End PBXFrameworksBuildPhase section */

/* Begin PBXGroup section */
		724FA53B22F1177400872CD2 /* Models */ = {
			isa = PBXGroup;
			children = (
				72F224BB22D7969D00DC54D2 /* LocationManager.swift */,
				72B6D63022B1576C0073C025 /* BusinessModel.swift */,
				724FA53E22F117D500872CD2 /* Review.swift */,
				724FA53C22F117B200872CD2 /* User.swift */,
				72CD7D5822D9A7EF00FB30F9 /* Client.swift */,
			);
			path = Models;
			sourceTree = "<group>";
		};
		724FA54022F1469000872CD2 /* Views */ = {
			isa = PBXGroup;
			children = (
				726081BD22F7C0E5003F5E82 /* CurrentLocationTableViewCell.swift */,
				726081BF22F7C362003F5E82 /* SearchResultsTableViewCell.swift */,
				72D45AFC22B829B90059C75A /* BusinessTypeCell.swift */,
			);
			path = Views;
			sourceTree = "<group>";
		};
		724FA54122F146A800872CD2 /* Storyboards */ = {
			isa = PBXGroup;
			children = (
				72B6D61422B154D40073C025 /* Main.storyboard */,
				72B6D61922B154DC0073C025 /* LaunchScreen.storyboard */,
			);
			path = Storyboards;
			sourceTree = "<group>";
		};
		72B6D60422B154D40073C025 = {
			isa = PBXGroup;
			children = (
				72B6D60F22B154D40073C025 /* With Mutt */,
				72B6D62422B154DC0073C025 /* With MuttTests */,
				72B6D60E22B154D40073C025 /* Products */,
			);
			sourceTree = "<group>";
		};
		72B6D60E22B154D40073C025 /* Products */ = {
			isa = PBXGroup;
			children = (
				72B6D60D22B154D40073C025 /* With Mutt.app */,
				72B6D62122B154DC0073C025 /* With MuttTests.xctest */,
			);
			name = Products;
			sourceTree = "<group>";
		};
		72B6D60F22B154D40073C025 /* With Mutt */ = {
			isa = PBXGroup;
			children = (
				72FECA0E238BA8D700ED79FE /* With Mutt.entitlements */,
				72B6D61022B154D40073C025 /* AppDelegate.swift */,
				724FA53B22F1177400872CD2 /* Models */,
				72F224BA22D7942A00DC54D2 /* View Controllers */,
				724FA54022F1469000872CD2 /* Views */,
				724FA54122F146A800872CD2 /* Storyboards */,
				72B6D61C22B154DC0073C025 /* Info.plist */,
				72D1709B22C8630300385226 /* Images.xcassets */,
			);
			path = "With Mutt";
			sourceTree = "<group>";
		};
		72B6D62422B154DC0073C025 /* With MuttTests */ = {
			isa = PBXGroup;
			children = (
				72B6D62522B154DD0073C025 /* With_MuttTests.swift */,
				72B6D62722B154DD0073C025 /* Info.plist */,
			);
			path = "With MuttTests";
			sourceTree = "<group>";
		};
		72F224BA22D7942A00DC54D2 /* View Controllers */ = {
			isa = PBXGroup;
			children = (
				72D4B3E222C5B18C006757D0 /* LoginViewController.swift */,
				72B6D61222B154D40073C025 /* HomeViewController.swift */,
				722324FB22DE2B6A008C6A85 /* SearchViewController.swift */,
				726DABAA22C898FD00F09BE7 /* MenuTableViewController.swift */,
				7243BB2C22BFFD1D00FDCDD6 /* BusinessSelectionViewController.swift */,
			);
			path = "View Controllers";
			sourceTree = "<group>";
		};
/* End PBXGroup section */

/* Begin PBXNativeTarget section */
		72B6D60C22B154D40073C025 /* With Mutt */ = {
			isa = PBXNativeTarget;
			buildConfigurationList = 72B6D62A22B154DD0073C025 /* Build configuration list for PBXNativeTarget "With Mutt" */;
			buildPhases = (
				72B6D60922B154D40073C025 /* Sources */,
				72B6D60A22B154D40073C025 /* Frameworks */,
				72B6D60B22B154D40073C025 /* Resources */,
			);
			buildRules = (
			);
			dependencies = (
			);
			name = "With Mutt";
			productName = "With Mutt";
			productReference = 72B6D60D22B154D40073C025 /* With Mutt.app */;
			productType = "com.apple.product-type.application";
		};
		72B6D62022B154DC0073C025 /* With MuttTests */ = {
			isa = PBXNativeTarget;
			buildConfigurationList = 72B6D62D22B154DD0073C025 /* Build configuration list for PBXNativeTarget "With MuttTests" */;
			buildPhases = (
				72B6D61D22B154DC0073C025 /* Sources */,
				72B6D61E22B154DC0073C025 /* Frameworks */,
				72B6D61F22B154DC0073C025 /* Resources */,
			);
			buildRules = (
			);
			dependencies = (
				72B6D62322B154DC0073C025 /* PBXTargetDependency */,
			);
			name = "With MuttTests";
			productName = "With MuttTests";
			productReference = 72B6D62122B154DC0073C025 /* With MuttTests.xctest */;
			productType = "com.apple.product-type.bundle.unit-test";
		};
/* End PBXNativeTarget section */

/* Begin PBXProject section */
		72B6D60522B154D40073C025 /* Project object */ = {
			isa = PBXProject;
			attributes = {
				LastSwiftUpdateCheck = 1020;
				LastUpgradeCheck = 1020;
				ORGANIZATIONNAME = ASM;
				TargetAttributes = {
					72B6D60C22B154D40073C025 = {
						CreatedOnToolsVersion = 10.2.1;
						SystemCapabilities = {
							com.apple.BackgroundModes = {
								enabled = 0;
							};
						};
					};
					72B6D62022B154DC0073C025 = {
						CreatedOnToolsVersion = 10.2.1;
						TestTargetID = 72B6D60C22B154D40073C025;
					};
				};
			};
			buildConfigurationList = 72B6D60822B154D40073C025 /* Build configuration list for PBXProject "With Mutt" */;
			compatibilityVersion = "Xcode 9.3";
			developmentRegion = en;
			hasScannedForEncodings = 0;
			knownRegions = (
				en,
				Base,
			);
			mainGroup = 72B6D60422B154D40073C025;
			productRefGroup = 72B6D60E22B154D40073C025 /* Products */;
			projectDirPath = "";
			projectRoot = "";
			targets = (
				72B6D60C22B154D40073C025 /* With Mutt */,
				72B6D62022B154DC0073C025 /* With MuttTests */,
			);
		};
/* End PBXProject section */

/* Begin PBXResourcesBuildPhase section */
		72B6D60B22B154D40073C025 /* Resources */ = {
			isa = PBXResourcesBuildPhase;
			buildActionMask = 2147483647;
			files = (
				72D1709C22C8630300385226 /* Images.xcassets in Resources */,
				72B6D61B22B154DC0073C025 /* LaunchScreen.storyboard in Resources */,
				72B6D61622B154D40073C025 /* Main.storyboard in Resources */,
			);
			runOnlyForDeploymentPostprocessing = 0;
		};
		72B6D61F22B154DC0073C025 /* Resources */ = {
			isa = PBXResourcesBuildPhase;
			buildActionMask = 2147483647;
			files = (
			);
			runOnlyForDeploymentPostprocessing = 0;
		};
/* End PBXResourcesBuildPhase section */

/* Begin PBXSourcesBuildPhase section */
		72B6D60922B154D40073C025 /* Sources */ = {
			isa = PBXSourcesBuildPhase;
			buildActionMask = 2147483647;
			files = (
				722324FC22DE2B6A008C6A85 /* SearchViewController.swift in Sources */,
				72D4B3E322C5B18C006757D0 /* LoginViewController.swift in Sources */,
				726DABAB22C898FD00F09BE7 /* MenuTableViewController.swift in Sources */,
				726081BE22F7C0E6003F5E82 /* CurrentLocationTableViewCell.swift in Sources */,
				72B6D63122B1576C0073C025 /* BusinessModel.swift in Sources */,
				72B6D61322B154D40073C025 /* HomeViewController.swift in Sources */,
				724FA53F22F117D500872CD2 /* Review.swift in Sources */,
				72F224BC22D7969D00DC54D2 /* LocationManager.swift in Sources */,
				7243BB2D22BFFD1D00FDCDD6 /* BusinessSelectionViewController.swift in Sources */,
				72B6D61122B154D40073C025 /* AppDelegate.swift in Sources */,
				72D45AFD22B829B90059C75A /* BusinessTypeCell.swift in Sources */,
				72CD7D5922D9A7EF00FB30F9 /* Client.swift in Sources */,
				726081C022F7C362003F5E82 /* SearchResultsTableViewCell.swift in Sources */,
				724FA53D22F117B200872CD2 /* User.swift in Sources */,
			);
			runOnlyForDeploymentPostprocessing = 0;
		};
		72B6D61D22B154DC0073C025 /* Sources */ = {
			isa = PBXSourcesBuildPhase;
			buildActionMask = 2147483647;
			files = (
				72B6D62622B154DD0073C025 /* With_MuttTests.swift in Sources */,
			);
			runOnlyForDeploymentPostprocessing = 0;
		};
/* End PBXSourcesBuildPhase section */

/* Begin PBXTargetDependency section */
		72B6D62322B154DC0073C025 /* PBXTargetDependency */ = {
			isa = PBXTargetDependency;
			target = 72B6D60C22B154D40073C025 /* With Mutt */;
			targetProxy = 72B6D62222B154DC0073C025 /* PBXContainerItemProxy */;
		};
/* End PBXTargetDependency section */

/* Begin PBXVariantGroup section */
		72B6D61422B154D40073C025 /* Main.storyboard */ = {
			isa = PBXVariantGroup;
			children = (
				72B6D61522B154D40073C025 /* Base */,
			);
			name = Main.storyboard;
			sourceTree = "<group>";
		};
		72B6D61922B154DC0073C025 /* LaunchScreen.storyboard */ = {
			isa = PBXVariantGroup;
			children = (
				72B6D61A22B154DC0073C025 /* Base */,
			);
			name = LaunchScreen.storyboard;
			sourceTree = "<group>";
		};
/* End PBXVariantGroup section */

/* Begin XCBuildConfiguration section */
		72B6D62822B154DD0073C025 /* Debug */ = {
			isa = XCBuildConfiguration;
			buildSettings = {
				ALWAYS_SEARCH_USER_PATHS = NO;
				CLANG_ANALYZER_NONNULL = YES;
				CLANG_ANALYZER_NUMBER_OBJECT_CONVERSION = YES_AGGRESSIVE;
				CLANG_CXX_LANGUAGE_STANDARD = "gnu++14";
				CLANG_CXX_LIBRARY = "libc++";
				CLANG_ENABLE_MODULES = YES;
				CLANG_ENABLE_OBJC_ARC = YES;
				CLANG_ENABLE_OBJC_WEAK = YES;
				CLANG_WARN_BLOCK_CAPTURE_AUTORELEASING = YES;
				CLANG_WARN_BOOL_CONVERSION = YES;
				CLANG_WARN_COMMA = YES;
				CLANG_WARN_CONSTANT_CONVERSION = YES;
				CLANG_WARN_DEPRECATED_OBJC_IMPLEMENTATIONS = YES;
				CLANG_WARN_DIRECT_OBJC_ISA_USAGE = YES_ERROR;
				CLANG_WARN_DOCUMENTATION_COMMENTS = YES;
				CLANG_WARN_EMPTY_BODY = YES;
				CLANG_WARN_ENUM_CONVERSION = YES;
				CLANG_WARN_INFINITE_RECURSION = YES;
				CLANG_WARN_INT_CONVERSION = YES;
				CLANG_WARN_NON_LITERAL_NULL_CONVERSION = YES;
				CLANG_WARN_OBJC_IMPLICIT_RETAIN_SELF = YES;
				CLANG_WARN_OBJC_LITERAL_CONVERSION = YES;
				CLANG_WARN_OBJC_ROOT_CLASS = YES_ERROR;
				CLANG_WARN_RANGE_LOOP_ANALYSIS = YES;
				CLANG_WARN_STRICT_PROTOTYPES = YES;
				CLANG_WARN_SUSPICIOUS_MOVE = YES;
				CLANG_WARN_UNGUARDED_AVAILABILITY = YES_AGGRESSIVE;
				CLANG_WARN_UNREACHABLE_CODE = YES;
				CLANG_WARN__DUPLICATE_METHOD_MATCH = YES;
				CODE_SIGN_IDENTITY = "iPhone Developer";
				COPY_PHASE_STRIP = NO;
				DEBUG_INFORMATION_FORMAT = dwarf;
				ENABLE_STRICT_OBJC_MSGSEND = YES;
				ENABLE_TESTABILITY = YES;
				GCC_C_LANGUAGE_STANDARD = gnu11;
				GCC_DYNAMIC_NO_PIC = NO;
				GCC_NO_COMMON_BLOCKS = YES;
				GCC_OPTIMIZATION_LEVEL = 0;
				GCC_PREPROCESSOR_DEFINITIONS = (
					"DEBUG=1",
					"$(inherited)",
				);
				GCC_WARN_64_TO_32_BIT_CONVERSION = YES;
				GCC_WARN_ABOUT_RETURN_TYPE = YES_ERROR;
				GCC_WARN_UNDECLARED_SELECTOR = YES;
				GCC_WARN_UNINITIALIZED_AUTOS = YES_AGGRESSIVE;
				GCC_WARN_UNUSED_FUNCTION = YES;
				GCC_WARN_UNUSED_VARIABLE = YES;
				IPHONEOS_DEPLOYMENT_TARGET = 12.2;
				MTL_ENABLE_DEBUG_INFO = INCLUDE_SOURCE;
				MTL_FAST_MATH = YES;
				ONLY_ACTIVE_ARCH = YES;
				SDKROOT = iphoneos;
				SWIFT_ACTIVE_COMPILATION_CONDITIONS = DEBUG;
				SWIFT_OPTIMIZATION_LEVEL = "-Onone";
			};
			name = Debug;
		};
		72B6D62922B154DD0073C025 /* Release */ = {
			isa = XCBuildConfiguration;
			buildSettings = {
				ALWAYS_SEARCH_USER_PATHS = NO;
				CLANG_ANALYZER_NONNULL = YES;
				CLANG_ANALYZER_NUMBER_OBJECT_CONVERSION = YES_AGGRESSIVE;
				CLANG_CXX_LANGUAGE_STANDARD = "gnu++14";
				CLANG_CXX_LIBRARY = "libc++";
				CLANG_ENABLE_MODULES = YES;
				CLANG_ENABLE_OBJC_ARC = YES;
				CLANG_ENABLE_OBJC_WEAK = YES;
				CLANG_WARN_BLOCK_CAPTURE_AUTORELEASING = YES;
				CLANG_WARN_BOOL_CONVERSION = YES;
				CLANG_WARN_COMMA = YES;
				CLANG_WARN_CONSTANT_CONVERSION = YES;
				CLANG_WARN_DEPRECATED_OBJC_IMPLEMENTATIONS = YES;
				CLANG_WARN_DIRECT_OBJC_ISA_USAGE = YES_ERROR;
				CLANG_WARN_DOCUMENTATION_COMMENTS = YES;
				CLANG_WARN_EMPTY_BODY = YES;
				CLANG_WARN_ENUM_CONVERSION = YES;
				CLANG_WARN_INFINITE_RECURSION = YES;
				CLANG_WARN_INT_CONVERSION = YES;
				CLANG_WARN_NON_LITERAL_NULL_CONVERSION = YES;
				CLANG_WARN_OBJC_IMPLICIT_RETAIN_SELF = YES;
				CLANG_WARN_OBJC_LITERAL_CONVERSION = YES;
				CLANG_WARN_OBJC_ROOT_CLASS = YES_ERROR;
				CLANG_WARN_RANGE_LOOP_ANALYSIS = YES;
				CLANG_WARN_STRICT_PROTOTYPES = YES;
				CLANG_WARN_SUSPICIOUS_MOVE = YES;
				CLANG_WARN_UNGUARDED_AVAILABILITY = YES_AGGRESSIVE;
				CLANG_WARN_UNREACHABLE_CODE = YES;
				CLANG_WARN__DUPLICATE_METHOD_MATCH = YES;
				CODE_SIGN_IDENTITY = "iPhone Developer";
				COPY_PHASE_STRIP = NO;
				DEBUG_INFORMATION_FORMAT = "dwarf-with-dsym";
				ENABLE_NS_ASSERTIONS = NO;
				ENABLE_STRICT_OBJC_MSGSEND = YES;
				GCC_C_LANGUAGE_STANDARD = gnu11;
				GCC_NO_COMMON_BLOCKS = YES;
				GCC_WARN_64_TO_32_BIT_CONVERSION = YES;
				GCC_WARN_ABOUT_RETURN_TYPE = YES_ERROR;
				GCC_WARN_UNDECLARED_SELECTOR = YES;
				GCC_WARN_UNINITIALIZED_AUTOS = YES_AGGRESSIVE;
				GCC_WARN_UNUSED_FUNCTION = YES;
				GCC_WARN_UNUSED_VARIABLE = YES;
				IPHONEOS_DEPLOYMENT_TARGET = 12.2;
				MTL_ENABLE_DEBUG_INFO = NO;
				MTL_FAST_MATH = YES;
				SDKROOT = iphoneos;
				SWIFT_COMPILATION_MODE = wholemodule;
				SWIFT_OPTIMIZATION_LEVEL = "-O";
				VALIDATE_PRODUCT = YES;
			};
			name = Release;
		};
		72B6D62B22B154DD0073C025 /* Debug */ = {
			isa = XCBuildConfiguration;
			buildSettings = {
				ASSETCATALOG_COMPILER_APPICON_NAME = AppIcon;
				CODE_SIGN_ENTITLEMENTS = "With Mutt/With Mutt.entitlements";
				CODE_SIGN_STYLE = Automatic;
				DEVELOPMENT_TEAM = 48535654Y7;
				INFOPLIST_FILE = "With Mutt/Info.plist";
				IPHONEOS_DEPLOYMENT_TARGET = 12.2;
				LD_RUNPATH_SEARCH_PATHS = (
					"$(inherited)",
					"@executable_path/Frameworks",
				);
				MARKETING_VERSION = 0.1;
				PRODUCT_BUNDLE_IDENTIFIER = "com.ASM.With-Mutt";
				PRODUCT_NAME = "$(TARGET_NAME)";
				SWIFT_VERSION = 5.0;
				TARGETED_DEVICE_FAMILY = "1,2";
			};
			name = Debug;
		};
		72B6D62C22B154DD0073C025 /* Release */ = {
			isa = XCBuildConfiguration;
			buildSettings = {
				ASSETCATALOG_COMPILER_APPICON_NAME = AppIcon;
				CODE_SIGN_ENTITLEMENTS = "With Mutt/With Mutt.entitlements";
				CODE_SIGN_STYLE = Automatic;
				DEVELOPMENT_TEAM = 48535654Y7;
				INFOPLIST_FILE = "With Mutt/Info.plist";
				IPHONEOS_DEPLOYMENT_TARGET = 12.2;
				LD_RUNPATH_SEARCH_PATHS = (
					"$(inherited)",
					"@executable_path/Frameworks",
				);
				MARKETING_VERSION = 0.1;
				PRODUCT_BUNDLE_IDENTIFIER = "com.ASM.With-Mutt";
				PRODUCT_NAME = "$(TARGET_NAME)";
				SWIFT_VERSION = 5.0;
				TARGETED_DEVICE_FAMILY = "1,2";
			};
			name = Release;
		};
		72B6D62E22B154DD0073C025 /* Debug */ = {
			isa = XCBuildConfiguration;
			buildSettings = {
				ALWAYS_EMBED_SWIFT_STANDARD_LIBRARIES = YES;
				BUNDLE_LOADER = "$(TEST_HOST)";
				CODE_SIGN_STYLE = Automatic;
				DEVELOPMENT_TEAM = 48535654Y7;
				INFOPLIST_FILE = "With MuttTests/Info.plist";
				LD_RUNPATH_SEARCH_PATHS = (
					"$(inherited)",
					"@executable_path/Frameworks",
					"@loader_path/Frameworks",
				);
				PRODUCT_BUNDLE_IDENTIFIER = "com.ASM.With-MuttTests";
				PRODUCT_NAME = "$(TARGET_NAME)";
				SWIFT_VERSION = 5.0;
				TARGETED_DEVICE_FAMILY = "1,2";
				TEST_HOST = "$(BUILT_PRODUCTS_DIR)/With Mutt.app/With Mutt";
			};
			name = Debug;
		};
		72B6D62F22B154DD0073C025 /* Release */ = {
			isa = XCBuildConfiguration;
			buildSettings = {
				ALWAYS_EMBED_SWIFT_STANDARD_LIBRARIES = YES;
				BUNDLE_LOADER = "$(TEST_HOST)";
				CODE_SIGN_STYLE = Automatic;
				DEVELOPMENT_TEAM = 48535654Y7;
				INFOPLIST_FILE = "With MuttTests/Info.plist";
				LD_RUNPATH_SEARCH_PATHS = (
					"$(inherited)",
					"@executable_path/Frameworks",
					"@loader_path/Frameworks",
				);
				PRODUCT_BUNDLE_IDENTIFIER = "com.ASM.With-MuttTests";
				PRODUCT_NAME = "$(TARGET_NAME)";
				SWIFT_VERSION = 5.0;
				TARGETED_DEVICE_FAMILY = "1,2";
				TEST_HOST = "$(BUILT_PRODUCTS_DIR)/With Mutt.app/With Mutt";
			};
			name = Release;
		};
/* End XCBuildConfiguration section */

/* Begin XCConfigurationList section */
		72B6D60822B154D40073C025 /* Build configuration list for PBXProject "With Mutt" */ = {
			isa = XCConfigurationList;
			buildConfigurations = (
				72B6D62822B154DD0073C025 /* Debug */,
				72B6D62922B154DD0073C025 /* Release */,
			);
			defaultConfigurationIsVisible = 0;
			defaultConfigurationName = Release;
		};
		72B6D62A22B154DD0073C025 /* Build configuration list for PBXNativeTarget "With Mutt" */ = {
			isa = XCConfigurationList;
			buildConfigurations = (
				72B6D62B22B154DD0073C025 /* Debug */,
				72B6D62C22B154DD0073C025 /* Release */,
			);
			defaultConfigurationIsVisible = 0;
			defaultConfigurationName = Release;
		};
		72B6D62D22B154DD0073C025 /* Build configuration list for PBXNativeTarget "With MuttTests" */ = {
			isa = XCConfigurationList;
			buildConfigurations = (
				72B6D62E22B154DD0073C025 /* Debug */,
				72B6D62F22B154DD0073C025 /* Release */,
			);
			defaultConfigurationIsVisible = 0;
			defaultConfigurationName = Release;
		};
/* End XCConfigurationList section */
	};
	rootObject = 72B6D60522B154D40073C025 /* Project object */;
}
